
Microsoft Visual Studio Solution File, Format Version 12.00
Project("{FAE04EC0-301F-11D3-BF4B-00C04F79EFBC}") = "TheDonot", "TheDonot\TheDonot.csproj", "{A6A81033-91F4-4CF4-A6FB-B73020B7DC09}"
EndProject
Global
	GlobalSection(SolutionConfigurationPlatforms) = preSolution
		Debug|Any CPU = Debug|Any CPU
		Release|Any CPU = Release|Any CPU
	EndGlobalSection
	GlobalSection(ProjectConfigurationPlatforms) = postSolution
		{A6A81033-91F4-4CF4-A6FB-B73020B7DC09}.Debug|Any CPU.ActiveCfg = Debug|Any CPU
		{A6A81033-91F4-4CF4-A6FB-B73020B7DC09}.Debug|Any CPU.Build.0 = Debug|Any CPU
		{A6A81033-91F4-4CF4-A6FB-B73020B7DC09}.Release|Any CPU.ActiveCfg = Release|Any CPU
		{A6A81033-91F4-4CF4-A6FB-B73020B7DC09}.Release|Any CPU.Build.0 = Release|Any CPU
	EndGlobalSection
EndGlobal
